// !$*UTF8*$!
{
	archiveVersion = 1;
	classes = {
	};
	objectVersion = 50;
	objects = {

/* Begin PBXBuildFile section */
		0B1997ED2678A1A900E7C866 /* AppDelegate.swift in Sources */ = {isa = PBXBuildFile; fileRef = 0B1997EC2678A1A900E7C866 /* AppDelegate.swift */; };
		0B1997EF2678A1A900E7C866 /* SceneDelegate.swift in Sources */ = {isa = PBXBuildFile; fileRef = 0B1997EE2678A1A900E7C866 /* SceneDelegate.swift */; };
		0B1997F42678A1A900E7C866 /* Main.storyboard in Resources */ = {isa = PBXBuildFile; fileRef = 0B1997F22678A1A900E7C866 /* Main.storyboard */; };
		0B1997F62678A1AC00E7C866 /* Assets.xcassets in Resources */ = {isa = PBXBuildFile; fileRef = 0B1997F52678A1AC00E7C866 /* Assets.xcassets */; };
		0B1997F92678A1AC00E7C866 /* LaunchScreen.storyboard in Resources */ = {isa = PBXBuildFile; fileRef = 0B1997F72678A1AC00E7C866 /* LaunchScreen.storyboard */; };
		0B19980F2678A1AD00E7C866 /* MarvelCharsUITests.swift in Sources */ = {isa = PBXBuildFile; fileRef = 0B19980E2678A1AD00E7C866 /* MarvelCharsUITests.swift */; };
		0B1998452678AA3D00E7C866 /* ApiManager.swift in Sources */ = {isa = PBXBuildFile; fileRef = 0B1998442678AA3D00E7C866 /* ApiManager.swift */; };
		0B1998512678AAAA00E7C866 /* MarvelConstants.swift in Sources */ = {isa = PBXBuildFile; fileRef = 0B1998502678AAAA00E7C866 /* MarvelConstants.swift */; };
		0B1998732678B16800E7C866 /* Extensions.swift in Sources */ = {isa = PBXBuildFile; fileRef = 0B1998722678B16800E7C866 /* Extensions.swift */; };
		0B1998A42678B29F00E7C866 /* Utils.swift in Sources */ = {isa = PBXBuildFile; fileRef = 0B1998A32678B29F00E7C866 /* Utils.swift */; };
		0B1998AF2678B2DC00E7C866 /* CharDetailInteractor.swift in Sources */ = {isa = PBXBuildFile; fileRef = 0B1998AA2678B2DC00E7C866 /* CharDetailInteractor.swift */; };
		0B1998B12678B2DC00E7C866 /* CharDetailConfigurator.swift in Sources */ = {isa = PBXBuildFile; fileRef = 0B1998AB2678B2DC00E7C866 /* CharDetailConfigurator.swift */; };
		0B1998B32678B2DC00E7C866 /* CharDetailRouter.swift in Sources */ = {isa = PBXBuildFile; fileRef = 0B1998AC2678B2DC00E7C866 /* CharDetailRouter.swift */; };
		0B1998B52678B2DC00E7C866 /* CharDetailViewController.swift in Sources */ = {isa = PBXBuildFile; fileRef = 0B1998AD2678B2DC00E7C866 /* CharDetailViewController.swift */; };
		0B1998B72678B2DC00E7C866 /* CharDetailPresenter.swift in Sources */ = {isa = PBXBuildFile; fileRef = 0B1998AE2678B2DC00E7C866 /* CharDetailPresenter.swift */; };
		0B1998C22678B2E700E7C866 /* CharListInteractor.swift in Sources */ = {isa = PBXBuildFile; fileRef = 0B1998BD2678B2E600E7C866 /* CharListInteractor.swift */; };
		0B1998C42678B2E700E7C866 /* CharListConfigurator.swift in Sources */ = {isa = PBXBuildFile; fileRef = 0B1998BE2678B2E600E7C866 /* CharListConfigurator.swift */; };
		0B1998C62678B2E700E7C866 /* CharListRouter.swift in Sources */ = {isa = PBXBuildFile; fileRef = 0B1998BF2678B2E600E7C866 /* CharListRouter.swift */; };
		0B1998C82678B2E700E7C866 /* CharListViewController.swift in Sources */ = {isa = PBXBuildFile; fileRef = 0B1998C02678B2E600E7C866 /* CharListViewController.swift */; };
		0B1998CA2678B2E700E7C866 /* CharListPresenter.swift in Sources */ = {isa = PBXBuildFile; fileRef = 0B1998C12678B2E600E7C866 /* CharListPresenter.swift */; };
		0B1998E72678B33400E7C866 /* Thumbnail.swift in Sources */ = {isa = PBXBuildFile; fileRef = 0B1998DC2678B33400E7C866 /* Thumbnail.swift */; };
		0B1998E92678B33400E7C866 /* Character.swift in Sources */ = {isa = PBXBuildFile; fileRef = 0B1998DD2678B33400E7C866 /* Character.swift */; };
		0B1998EB2678B33400E7C866 /* Series.swift in Sources */ = {isa = PBXBuildFile; fileRef = 0B1998DE2678B33400E7C866 /* Series.swift */; };
		0B1998ED2678B33400E7C866 /* Comics.swift in Sources */ = {isa = PBXBuildFile; fileRef = 0B1998DF2678B33400E7C866 /* Comics.swift */; };
		0B1998EF2678B33400E7C866 /* Events.swift in Sources */ = {isa = PBXBuildFile; fileRef = 0B1998E02678B33400E7C866 /* Events.swift */; };
		0B1998F12678B33400E7C866 /* SeriesItem.swift in Sources */ = {isa = PBXBuildFile; fileRef = 0B1998E12678B33400E7C866 /* SeriesItem.swift */; };
		0B1998F32678B33400E7C866 /* Url.swift in Sources */ = {isa = PBXBuildFile; fileRef = 0B1998E22678B33400E7C866 /* Url.swift */; };
		0B1998F52678B33400E7C866 /* Stories.swift in Sources */ = {isa = PBXBuildFile; fileRef = 0B1998E32678B33400E7C866 /* Stories.swift */; };
		0B1998F72678B33400E7C866 /* EventsItem.swift in Sources */ = {isa = PBXBuildFile; fileRef = 0B1998E42678B33400E7C866 /* EventsItem.swift */; };
		0B1998F92678B33400E7C866 /* ComicItem.swift in Sources */ = {isa = PBXBuildFile; fileRef = 0B1998E52678B33400E7C866 /* ComicItem.swift */; };
		0B1998FB2678B33400E7C866 /* StoriesItem.swift in Sources */ = {isa = PBXBuildFile; fileRef = 0B1998E62678B33400E7C866 /* StoriesItem.swift */; };
		0B1999822678D35900E7C866 /* CharactersService.swift in Sources */ = {isa = PBXBuildFile; fileRef = 0B1999812678D35900E7C866 /* CharactersService.swift */; };
		0B19999D2679028200E7C866 /* Texts.swift in Sources */ = {isa = PBXBuildFile; fileRef = 0B19999C2679028200E7C866 /* Texts.swift */; };
		0B1999A9267902E900E7C866 /* Localizable.strings in Resources */ = {isa = PBXBuildFile; fileRef = 0B1999A8267902E900E7C866 /* Localizable.strings */; };
		0B1999B026790B8C00E7C866 /* ImageService.swift in Sources */ = {isa = PBXBuildFile; fileRef = 0B1999AF26790B8C00E7C866 /* ImageService.swift */; };
		0B34B74F267B71E600519219 /* Utils.swift in Sources */ = {isa = PBXBuildFile; fileRef = 0B1998A32678B29F00E7C866 /* Utils.swift */; };
		0B34B790267BB56500519219 /* Config_DEV.plist in Resources */ = {isa = PBXBuildFile; fileRef = 0B34B78F267BB56500519219 /* Config_DEV.plist */; };
		0B34B7B2267BBB2800519219 /* Config_PROD.plist in Resources */ = {isa = PBXBuildFile; fileRef = 0B34B7A1267BB6BE00519219 /* Config_PROD.plist */; };
		0B34B7BC267BBCA200519219 /* Config_UITEST.plist in Resources */ = {isa = PBXBuildFile; fileRef = 0B34B79C267BB5F600519219 /* Config_UITEST.plist */; };
		0BAE9F902679F74300416EDF /* CharDetailViewControllerTests.swift in Sources */ = {isa = PBXBuildFile; fileRef = 0BAE9F8F2679F74300416EDF /* CharDetailViewControllerTests.swift */; };
		0BD2E55A267951220059C465 /* Assets.xcassets in Resources */ = {isa = PBXBuildFile; fileRef = 0B1997F52678A1AC00E7C866 /* Assets.xcassets */; };
		0BD2E563267951220059C465 /* Assets.xcassets in Resources */ = {isa = PBXBuildFile; fileRef = 0B1997F52678A1AC00E7C866 /* Assets.xcassets */; };
		0BD2E5A8267961BA0059C465 /* 1010763.json in Resources */ = {isa = PBXBuildFile; fileRef = 0BD2E5A4267961B90059C465 /* 1010763.json */; };
		0BD2E5AA267961BA0059C465 /* 1010763.json in Resources */ = {isa = PBXBuildFile; fileRef = 0BD2E5A4267961B90059C465 /* 1010763.json */; };
		0BD2E5AB267961BA0059C465 /* 1010763.json in Resources */ = {isa = PBXBuildFile; fileRef = 0BD2E5A4267961B90059C465 /* 1010763.json */; };
		0BD2E5AC267961BA0059C465 /* GamoraSearch.json in Resources */ = {isa = PBXBuildFile; fileRef = 0BD2E5A5267961BA0059C465 /* GamoraSearch.json */; };
		0BD2E5AE267961BA0059C465 /* GamoraSearch.json in Resources */ = {isa = PBXBuildFile; fileRef = 0BD2E5A5267961BA0059C465 /* GamoraSearch.json */; };
		0BD2E5AF267961BA0059C465 /* GamoraSearch.json in Resources */ = {isa = PBXBuildFile; fileRef = 0BD2E5A5267961BA0059C465 /* GamoraSearch.json */; };
		0BD2E5B0267961BA0059C465 /* Loki.json in Resources */ = {isa = PBXBuildFile; fileRef = 0BD2E5A6267961BA0059C465 /* Loki.json */; };
		0BD2E5B2267961BA0059C465 /* Loki.json in Resources */ = {isa = PBXBuildFile; fileRef = 0BD2E5A6267961BA0059C465 /* Loki.json */; };
		0BD2E5B3267961BA0059C465 /* Loki.json in Resources */ = {isa = PBXBuildFile; fileRef = 0BD2E5A6267961BA0059C465 /* Loki.json */; };
		0BD2E5B4267961BA0059C465 /* Spiderman.json in Resources */ = {isa = PBXBuildFile; fileRef = 0BD2E5A7267961BA0059C465 /* Spiderman.json */; };
		0BD2E5B6267961BA0059C465 /* Spiderman.json in Resources */ = {isa = PBXBuildFile; fileRef = 0BD2E5A7267961BA0059C465 /* Spiderman.json */; };
		0BD2E5B7267961BA0059C465 /* Spiderman.json in Resources */ = {isa = PBXBuildFile; fileRef = 0BD2E5A7267961BA0059C465 /* Spiderman.json */; };
		0BD2E5D02679624F0059C465 /* UtilsTests.swift in Sources */ = {isa = PBXBuildFile; fileRef = 0BD2E5CD2679624F0059C465 /* UtilsTests.swift */; };
		0BD2E5E5267962AB0059C465 /* CharListPresenterTests.swift in Sources */ = {isa = PBXBuildFile; fileRef = 0BD2E5E3267962AB0059C465 /* CharListPresenterTests.swift */; };
		0BD2E5E6267962AB0059C465 /* CharListInteractorTests.swift in Sources */ = {isa = PBXBuildFile; fileRef = 0BD2E5E4267962AB0059C465 /* CharListInteractorTests.swift */; };
/* End PBXBuildFile section */

/* Begin PBXContainerItemProxy section */
		0B1998002678A1AD00E7C866 /* PBXContainerItemProxy */ = {
			isa = PBXContainerItemProxy;
			containerPortal = 0B1997E12678A1A900E7C866 /* Project object */;
			proxyType = 1;
			remoteGlobalIDString = 0B1997E82678A1A900E7C866;
			remoteInfo = MarvelChars;
		};
		0B19980B2678A1AD00E7C866 /* PBXContainerItemProxy */ = {
			isa = PBXContainerItemProxy;
			containerPortal = 0B1997E12678A1A900E7C866 /* Project object */;
			proxyType = 1;
			remoteGlobalIDString = 0B1997E82678A1A900E7C866;
			remoteInfo = MarvelChars;
		};
/* End PBXContainerItemProxy section */

/* Begin PBXFileReference section */
		0B1997E92678A1A900E7C866 /* MarvelChars.app */ = {isa = PBXFileReference; explicitFileType = wrapper.application; includeInIndex = 0; path = MarvelChars.app; sourceTree = BUILT_PRODUCTS_DIR; };
		0B1997EC2678A1A900E7C866 /* AppDelegate.swift */ = {isa = PBXFileReference; lastKnownFileType = sourcecode.swift; path = AppDelegate.swift; sourceTree = "<group>"; };
		0B1997EE2678A1A900E7C866 /* SceneDelegate.swift */ = {isa = PBXFileReference; lastKnownFileType = sourcecode.swift; path = SceneDelegate.swift; sourceTree = "<group>"; };
		0B1997F32678A1A900E7C866 /* Base */ = {isa = PBXFileReference; lastKnownFileType = file.storyboard; name = Base; path = Base.lproj/Main.storyboard; sourceTree = "<group>"; };
		0B1997F52678A1AC00E7C866 /* Assets.xcassets */ = {isa = PBXFileReference; lastKnownFileType = folder.assetcatalog; path = Assets.xcassets; sourceTree = "<group>"; };
		0B1997F82678A1AC00E7C866 /* Base */ = {isa = PBXFileReference; lastKnownFileType = file.storyboard; name = Base; path = Base.lproj/LaunchScreen.storyboard; sourceTree = "<group>"; };
		0B1997FA2678A1AC00E7C866 /* Info.plist */ = {isa = PBXFileReference; lastKnownFileType = text.plist.xml; path = Info.plist; sourceTree = "<group>"; };
		0B1997FF2678A1AD00E7C866 /* MarvelCharsTests.xctest */ = {isa = PBXFileReference; explicitFileType = wrapper.cfbundle; includeInIndex = 0; path = MarvelCharsTests.xctest; sourceTree = BUILT_PRODUCTS_DIR; };
		0B1998052678A1AD00E7C866 /* Info.plist */ = {isa = PBXFileReference; lastKnownFileType = text.plist.xml; path = Info.plist; sourceTree = "<group>"; };
		0B19980A2678A1AD00E7C866 /* MarvelCharsUITests.xctest */ = {isa = PBXFileReference; explicitFileType = wrapper.cfbundle; includeInIndex = 0; path = MarvelCharsUITests.xctest; sourceTree = BUILT_PRODUCTS_DIR; };
		0B19980E2678A1AD00E7C866 /* MarvelCharsUITests.swift */ = {isa = PBXFileReference; lastKnownFileType = sourcecode.swift; path = MarvelCharsUITests.swift; sourceTree = "<group>"; };
		0B1998102678A1AD00E7C866 /* Info.plist */ = {isa = PBXFileReference; lastKnownFileType = text.plist.xml; path = Info.plist; sourceTree = "<group>"; };
		0B1998442678AA3D00E7C866 /* ApiManager.swift */ = {isa = PBXFileReference; lastKnownFileType = sourcecode.swift; path = ApiManager.swift; sourceTree = "<group>"; };
		0B1998502678AAAA00E7C866 /* MarvelConstants.swift */ = {isa = PBXFileReference; lastKnownFileType = sourcecode.swift; path = MarvelConstants.swift; sourceTree = "<group>"; };
		0B1998722678B16800E7C866 /* Extensions.swift */ = {isa = PBXFileReference; lastKnownFileType = sourcecode.swift; path = Extensions.swift; sourceTree = "<group>"; };
		0B1998A32678B29F00E7C866 /* Utils.swift */ = {isa = PBXFileReference; fileEncoding = 4; lastKnownFileType = sourcecode.swift; path = Utils.swift; sourceTree = "<group>"; };
		0B1998AA2678B2DC00E7C866 /* CharDetailInteractor.swift */ = {isa = PBXFileReference; fileEncoding = 4; lastKnownFileType = sourcecode.swift; path = CharDetailInteractor.swift; sourceTree = "<group>"; };
		0B1998AB2678B2DC00E7C866 /* CharDetailConfigurator.swift */ = {isa = PBXFileReference; fileEncoding = 4; lastKnownFileType = sourcecode.swift; path = CharDetailConfigurator.swift; sourceTree = "<group>"; };
		0B1998AC2678B2DC00E7C866 /* CharDetailRouter.swift */ = {isa = PBXFileReference; fileEncoding = 4; lastKnownFileType = sourcecode.swift; path = CharDetailRouter.swift; sourceTree = "<group>"; };
		0B1998AD2678B2DC00E7C866 /* CharDetailViewController.swift */ = {isa = PBXFileReference; fileEncoding = 4; lastKnownFileType = sourcecode.swift; path = CharDetailViewController.swift; sourceTree = "<group>"; };
		0B1998AE2678B2DC00E7C866 /* CharDetailPresenter.swift */ = {isa = PBXFileReference; fileEncoding = 4; lastKnownFileType = sourcecode.swift; path = CharDetailPresenter.swift; sourceTree = "<group>"; };
		0B1998BD2678B2E600E7C866 /* CharListInteractor.swift */ = {isa = PBXFileReference; fileEncoding = 4; lastKnownFileType = sourcecode.swift; path = CharListInteractor.swift; sourceTree = "<group>"; };
		0B1998BE2678B2E600E7C866 /* CharListConfigurator.swift */ = {isa = PBXFileReference; fileEncoding = 4; lastKnownFileType = sourcecode.swift; path = CharListConfigurator.swift; sourceTree = "<group>"; };
		0B1998BF2678B2E600E7C866 /* CharListRouter.swift */ = {isa = PBXFileReference; fileEncoding = 4; lastKnownFileType = sourcecode.swift; path = CharListRouter.swift; sourceTree = "<group>"; };
		0B1998C02678B2E600E7C866 /* CharListViewController.swift */ = {isa = PBXFileReference; fileEncoding = 4; lastKnownFileType = sourcecode.swift; path = CharListViewController.swift; sourceTree = "<group>"; };
		0B1998C12678B2E600E7C866 /* CharListPresenter.swift */ = {isa = PBXFileReference; fileEncoding = 4; lastKnownFileType = sourcecode.swift; path = CharListPresenter.swift; sourceTree = "<group>"; };
		0B1998DC2678B33400E7C866 /* Thumbnail.swift */ = {isa = PBXFileReference; fileEncoding = 4; lastKnownFileType = sourcecode.swift; path = Thumbnail.swift; sourceTree = "<group>"; };
		0B1998DD2678B33400E7C866 /* Character.swift */ = {isa = PBXFileReference; fileEncoding = 4; lastKnownFileType = sourcecode.swift; path = Character.swift; sourceTree = "<group>"; };
		0B1998DE2678B33400E7C866 /* Series.swift */ = {isa = PBXFileReference; fileEncoding = 4; lastKnownFileType = sourcecode.swift; path = Series.swift; sourceTree = "<group>"; };
		0B1998DF2678B33400E7C866 /* Comics.swift */ = {isa = PBXFileReference; fileEncoding = 4; lastKnownFileType = sourcecode.swift; path = Comics.swift; sourceTree = "<group>"; };
		0B1998E02678B33400E7C866 /* Events.swift */ = {isa = PBXFileReference; fileEncoding = 4; lastKnownFileType = sourcecode.swift; path = Events.swift; sourceTree = "<group>"; };
		0B1998E12678B33400E7C866 /* SeriesItem.swift */ = {isa = PBXFileReference; fileEncoding = 4; lastKnownFileType = sourcecode.swift; path = SeriesItem.swift; sourceTree = "<group>"; };
		0B1998E22678B33400E7C866 /* Url.swift */ = {isa = PBXFileReference; fileEncoding = 4; lastKnownFileType = sourcecode.swift; path = Url.swift; sourceTree = "<group>"; };
		0B1998E32678B33400E7C866 /* Stories.swift */ = {isa = PBXFileReference; fileEncoding = 4; lastKnownFileType = sourcecode.swift; path = Stories.swift; sourceTree = "<group>"; };
		0B1998E42678B33400E7C866 /* EventsItem.swift */ = {isa = PBXFileReference; fileEncoding = 4; lastKnownFileType = sourcecode.swift; path = EventsItem.swift; sourceTree = "<group>"; };
		0B1998E52678B33400E7C866 /* ComicItem.swift */ = {isa = PBXFileReference; fileEncoding = 4; lastKnownFileType = sourcecode.swift; path = ComicItem.swift; sourceTree = "<group>"; };
		0B1998E62678B33400E7C866 /* StoriesItem.swift */ = {isa = PBXFileReference; fileEncoding = 4; lastKnownFileType = sourcecode.swift; path = StoriesItem.swift; sourceTree = "<group>"; };
		0B1999812678D35900E7C866 /* CharactersService.swift */ = {isa = PBXFileReference; fileEncoding = 4; lastKnownFileType = sourcecode.swift; path = CharactersService.swift; sourceTree = "<group>"; };
		0B19999C2679028200E7C866 /* Texts.swift */ = {isa = PBXFileReference; lastKnownFileType = sourcecode.swift; path = Texts.swift; sourceTree = "<group>"; };
		0B1999A8267902E900E7C866 /* Localizable.strings */ = {isa = PBXFileReference; fileEncoding = 4; lastKnownFileType = text.plist.strings; path = Localizable.strings; sourceTree = "<group>"; };
		0B1999AF26790B8C00E7C866 /* ImageService.swift */ = {isa = PBXFileReference; fileEncoding = 4; lastKnownFileType = sourcecode.swift; path = ImageService.swift; sourceTree = "<group>"; };
		0B34B75C267B78FA00519219 /* README.md */ = {isa = PBXFileReference; lastKnownFileType = net.daringfireball.markdown; path = README.md; sourceTree = "<group>"; };
		0B34B78F267BB56500519219 /* Config_DEV.plist */ = {isa = PBXFileReference; lastKnownFileType = text.plist.xml; path = Config_DEV.plist; sourceTree = "<group>"; };
		0B34B79C267BB5F600519219 /* Config_UITEST.plist */ = {isa = PBXFileReference; lastKnownFileType = text.plist.xml; path = Config_UITEST.plist; sourceTree = "<group>"; };
		0B34B7A1267BB6BE00519219 /* Config_PROD.plist */ = {isa = PBXFileReference; lastKnownFileType = text.plist.xml; path = Config_PROD.plist; sourceTree = "<group>"; };
		0B34B7F8267BC3B600519219 /* characters */ = {isa = PBXFileReference; fileEncoding = 4; lastKnownFileType = text; path = characters; sourceTree = "<group>"; };
		0B34B7FD267BC3B600519219 /* 5202887448860.jpg */ = {isa = PBXFileReference; lastKnownFileType = image.jpeg; path = 5202887448860.jpg; sourceTree = "<group>"; };
		0BAE9F8F2679F74300416EDF /* CharDetailViewControllerTests.swift */ = {isa = PBXFileReference; lastKnownFileType = sourcecode.swift; path = CharDetailViewControllerTests.swift; sourceTree = "<group>"; };
		0BD2E59C26795DE30059C465 /* .swiftlint.yml */ = {isa = PBXFileReference; lastKnownFileType = text.yaml; path = .swiftlint.yml; sourceTree = "<group>"; };
		0BD2E5A4267961B90059C465 /* 1010763.json */ = {isa = PBXFileReference; fileEncoding = 4; lastKnownFileType = text.json; path = 1010763.json; sourceTree = "<group>"; };
		0BD2E5A5267961BA0059C465 /* GamoraSearch.json */ = {isa = PBXFileReference; fileEncoding = 4; lastKnownFileType = text.json; path = GamoraSearch.json; sourceTree = "<group>"; };
		0BD2E5A6267961BA0059C465 /* Loki.json */ = {isa = PBXFileReference; fileEncoding = 4; lastKnownFileType = text.json; path = Loki.json; sourceTree = "<group>"; };
		0BD2E5A7267961BA0059C465 /* Spiderman.json */ = {isa = PBXFileReference; fileEncoding = 4; lastKnownFileType = text.json; path = Spiderman.json; sourceTree = "<group>"; };
		0BD2E5CD2679624F0059C465 /* UtilsTests.swift */ = {isa = PBXFileReference; fileEncoding = 4; lastKnownFileType = sourcecode.swift; path = UtilsTests.swift; sourceTree = "<group>"; };
		0BD2E5E3267962AB0059C465 /* CharListPresenterTests.swift */ = {isa = PBXFileReference; fileEncoding = 4; lastKnownFileType = sourcecode.swift; path = CharListPresenterTests.swift; sourceTree = "<group>"; };
		0BD2E5E4267962AB0059C465 /* CharListInteractorTests.swift */ = {isa = PBXFileReference; fileEncoding = 4; lastKnownFileType = sourcecode.swift; path = CharListInteractorTests.swift; sourceTree = "<group>"; };
/* End PBXFileReference section */

/* Begin PBXFrameworksBuildPhase section */
		0B1997E62678A1A900E7C866 /* Frameworks */ = {
			isa = PBXFrameworksBuildPhase;
			buildActionMask = 2147483647;
			files = (
			);
			runOnlyForDeploymentPostprocessing = 0;
		};
		0B1997FC2678A1AD00E7C866 /* Frameworks */ = {
			isa = PBXFrameworksBuildPhase;
			buildActionMask = 2147483647;
			files = (
			);
			runOnlyForDeploymentPostprocessing = 0;
		};
		0B1998072678A1AD00E7C866 /* Frameworks */ = {
			isa = PBXFrameworksBuildPhase;
			buildActionMask = 2147483647;
			files = (
			);
			runOnlyForDeploymentPostprocessing = 0;
		};
/* End PBXFrameworksBuildPhase section */

/* Begin PBXGroup section */
		0B1997E02678A1A900E7C866 = {
			isa = PBXGroup;
			children = (
				0B34B75C267B78FA00519219 /* README.md */,
				0BD2E59C26795DE30059C465 /* .swiftlint.yml */,
				0B1997EB2678A1A900E7C866 /* MarvelChars */,
				0B1999A32679028800E7C866 /* Supporting Files */,
				0B1997FA2678A1AC00E7C866 /* Info.plist */,
				0B1998022678A1AD00E7C866 /* MarvelCharsTests */,
				0B19980D2678A1AD00E7C866 /* MarvelCharsUITests */,
				0B1997EA2678A1A900E7C866 /* Products */,
			);
			sourceTree = "<group>";
		};
		0B1997EA2678A1A900E7C866 /* Products */ = {
			isa = PBXGroup;
			children = (
				0B1997E92678A1A900E7C866 /* MarvelChars.app */,
				0B1997FF2678A1AD00E7C866 /* MarvelCharsTests.xctest */,
				0B19980A2678A1AD00E7C866 /* MarvelCharsUITests.xctest */,
			);
			name = Products;
			sourceTree = "<group>";
		};
		0B1997EB2678A1A900E7C866 /* MarvelChars */ = {
			isa = PBXGroup;
			children = (
				0B1997EC2678A1A900E7C866 /* AppDelegate.swift */,
				0B1997EE2678A1A900E7C866 /* SceneDelegate.swift */,
				0B1997F22678A1A900E7C866 /* Main.storyboard */,
				0B1997F72678A1AC00E7C866 /* LaunchScreen.storyboard */,
				0B1998892678B1FC00E7C866 /* Scenes */,
				0B1998DB2678B33400E7C866 /* Models */,
				0B19987D2678B1A400E7C866 /* Utils */,
				0B19984F2678AA7F00E7C866 /* NetworkManager */,
				0B1997F52678A1AC00E7C866 /* Assets.xcassets */,
			);
			path = MarvelChars;
			sourceTree = "<group>";
		};
		0B1998022678A1AD00E7C866 /* MarvelCharsTests */ = {
			isa = PBXGroup;
			children = (
				0BD2E5A3267961770059C465 /* Mock */,
				0BAE9F96267A02A700416EDF /* CharDetail */,
				0BD2E5E2267962AB0059C465 /* CharList */,
				0BD2E5CC267962170059C465 /* Utils */,
				0B1998052678A1AD00E7C866 /* Info.plist */,
			);
			path = MarvelCharsTests;
			sourceTree = "<group>";
		};
		0B19980D2678A1AD00E7C866 /* MarvelCharsUITests */ = {
			isa = PBXGroup;
			children = (
				0B34B7F5267BC3B600519219 /* marvelServerMock */,
				0B19980E2678A1AD00E7C866 /* MarvelCharsUITests.swift */,
				0B34B79C267BB5F600519219 /* Config_UITEST.plist */,
				0B1998102678A1AD00E7C866 /* Info.plist */,
			);
			path = MarvelCharsUITests;
			sourceTree = "<group>";
		};
		0B19984F2678AA7F00E7C866 /* NetworkManager */ = {
			isa = PBXGroup;
			children = (
				0B1998502678AAAA00E7C866 /* MarvelConstants.swift */,
				0B1998442678AA3D00E7C866 /* ApiManager.swift */,
				0B1999802678D32C00E7C866 /* Services */,
			);
			path = NetworkManager;
			sourceTree = "<group>";
		};
		0B19987D2678B1A400E7C866 /* Utils */ = {
			isa = PBXGroup;
			children = (
				0B1998722678B16800E7C866 /* Extensions.swift */,
				0B1998A32678B29F00E7C866 /* Utils.swift */,
			);
			path = Utils;
			sourceTree = "<group>";
		};
		0B1998892678B1FC00E7C866 /* Scenes */ = {
			isa = PBXGroup;
			children = (
				0B19988A2678B22C00E7C866 /* CharList */,
				0B19988B2678B23700E7C866 /* CharDetail */,
			);
			path = Scenes;
			sourceTree = "<group>";
		};
		0B19988A2678B22C00E7C866 /* CharList */ = {
			isa = PBXGroup;
			children = (
				0B1998BE2678B2E600E7C866 /* CharListConfigurator.swift */,
				0B1998BD2678B2E600E7C866 /* CharListInteractor.swift */,
				0B1998C12678B2E600E7C866 /* CharListPresenter.swift */,
				0B1998BF2678B2E600E7C866 /* CharListRouter.swift */,
				0B1998C02678B2E600E7C866 /* CharListViewController.swift */,
			);
			path = CharList;
			sourceTree = "<group>";
		};
		0B19988B2678B23700E7C866 /* CharDetail */ = {
			isa = PBXGroup;
			children = (
				0B1998AB2678B2DC00E7C866 /* CharDetailConfigurator.swift */,
				0B1998AA2678B2DC00E7C866 /* CharDetailInteractor.swift */,
				0B1998AE2678B2DC00E7C866 /* CharDetailPresenter.swift */,
				0B1998AC2678B2DC00E7C866 /* CharDetailRouter.swift */,
				0B1998AD2678B2DC00E7C866 /* CharDetailViewController.swift */,
			);
			path = CharDetail;
			sourceTree = "<group>";
		};
		0B1998DB2678B33400E7C866 /* Models */ = {
			isa = PBXGroup;
			children = (
				0B1998DC2678B33400E7C866 /* Thumbnail.swift */,
				0B1998DD2678B33400E7C866 /* Character.swift */,
				0B1998DE2678B33400E7C866 /* Series.swift */,
				0B1998DF2678B33400E7C866 /* Comics.swift */,
				0B1998E02678B33400E7C866 /* Events.swift */,
				0B1998E12678B33400E7C866 /* SeriesItem.swift */,
				0B1998E22678B33400E7C866 /* Url.swift */,
				0B1998E32678B33400E7C866 /* Stories.swift */,
				0B1998E42678B33400E7C866 /* EventsItem.swift */,
				0B1998E52678B33400E7C866 /* ComicItem.swift */,
				0B1998E62678B33400E7C866 /* StoriesItem.swift */,
			);
			path = Models;
			sourceTree = "<group>";
		};
		0B1999802678D32C00E7C866 /* Services */ = {
			isa = PBXGroup;
			children = (
				0B1999812678D35900E7C866 /* CharactersService.swift */,
				0B1999AF26790B8C00E7C866 /* ImageService.swift */,
			);
			path = Services;
			sourceTree = "<group>";
		};
		0B1999A32679028800E7C866 /* Supporting Files */ = {
			isa = PBXGroup;
			children = (
				0B1999A8267902E900E7C866 /* Localizable.strings */,
				0B19999C2679028200E7C866 /* Texts.swift */,
				0B34B78F267BB56500519219 /* Config_DEV.plist */,
				0B34B7A1267BB6BE00519219 /* Config_PROD.plist */,
			);
			path = "Supporting Files";
			sourceTree = "<group>";
		};
		0B34B7F5267BC3B600519219 /* marvelServerMock */ = {
			isa = PBXGroup;
			children = (
				0B34B7F6267BC3B600519219 /* v1 */,
				0B34B7F9267BC3B600519219 /* images */,
			);
			path = marvelServerMock;
			sourceTree = "<group>";
		};
		0B34B7F6267BC3B600519219 /* v1 */ = {
			isa = PBXGroup;
			children = (
				0B34B7F7267BC3B600519219 /* public */,
			);
			path = v1;
			sourceTree = "<group>";
		};
		0B34B7F7267BC3B600519219 /* public */ = {
			isa = PBXGroup;
			children = (
				0B34B7F8267BC3B600519219 /* characters */,
			);
			path = public;
			sourceTree = "<group>";
		};
		0B34B7F9267BC3B600519219 /* images */ = {
			isa = PBXGroup;
			children = (
				0B34B7FD267BC3B600519219 /* 5202887448860.jpg */,
			);
			path = images;
			sourceTree = "<group>";
		};
		0BAE9F96267A02A700416EDF /* CharDetail */ = {
			isa = PBXGroup;
			children = (
				0BAE9F8F2679F74300416EDF /* CharDetailViewControllerTests.swift */,
			);
			path = CharDetail;
			sourceTree = "<group>";
		};
		0BD2E5A3267961770059C465 /* Mock */ = {
			isa = PBXGroup;
			children = (
				0BD2E5A4267961B90059C465 /* 1010763.json */,
				0BD2E5A7267961BA0059C465 /* Spiderman.json */,
				0BD2E5A5267961BA0059C465 /* GamoraSearch.json */,
				0BD2E5A6267961BA0059C465 /* Loki.json */,
			);
			path = Mock;
			sourceTree = "<group>";
		};
		0BD2E5CC267962170059C465 /* Utils */ = {
			isa = PBXGroup;
			children = (
				0BD2E5CD2679624F0059C465 /* UtilsTests.swift */,
			);
			path = Utils;
			sourceTree = "<group>";
		};
		0BD2E5E2267962AB0059C465 /* CharList */ = {
			isa = PBXGroup;
			children = (
				0BD2E5E3267962AB0059C465 /* CharListPresenterTests.swift */,
				0BD2E5E4267962AB0059C465 /* CharListInteractorTests.swift */,
			);
			path = CharList;
			sourceTree = "<group>";
		};
/* End PBXGroup section */

/* Begin PBXNativeTarget section */
		0B1997E82678A1A900E7C866 /* MarvelChars */ = {
			isa = PBXNativeTarget;
			buildConfigurationList = 0B1998132678A1AD00E7C866 /* Build configuration list for PBXNativeTarget "MarvelChars" */;
			buildPhases = (
				0B1997E52678A1A900E7C866 /* Sources */,
				0B1997E62678A1A900E7C866 /* Frameworks */,
				0B1997E72678A1A900E7C866 /* Resources */,
				0BD2E59126795A610059C465 /* ShellScript */,
			);
			buildRules = (
			);
			dependencies = (
			);
			name = MarvelChars;
			productName = MarvelChars;
			productReference = 0B1997E92678A1A900E7C866 /* MarvelChars.app */;
			productType = "com.apple.product-type.application";
		};
		0B1997FE2678A1AD00E7C866 /* MarvelCharsTests */ = {
			isa = PBXNativeTarget;
			buildConfigurationList = 0B1998162678A1AD00E7C866 /* Build configuration list for PBXNativeTarget "MarvelCharsTests" */;
			buildPhases = (
				0B1997FB2678A1AD00E7C866 /* Sources */,
				0B1997FC2678A1AD00E7C866 /* Frameworks */,
				0B1997FD2678A1AD00E7C866 /* Resources */,
			);
			buildRules = (
			);
			dependencies = (
				0B1998012678A1AD00E7C866 /* PBXTargetDependency */,
			);
			name = MarvelCharsTests;
			productName = MarvelCharsTests;
			productReference = 0B1997FF2678A1AD00E7C866 /* MarvelCharsTests.xctest */;
			productType = "com.apple.product-type.bundle.unit-test";
		};
		0B1998092678A1AD00E7C866 /* MarvelCharsUITests */ = {
			isa = PBXNativeTarget;
			buildConfigurationList = 0B1998192678A1AD00E7C866 /* Build configuration list for PBXNativeTarget "MarvelCharsUITests" */;
			buildPhases = (
				0B1998062678A1AD00E7C866 /* Sources */,
				0B1998072678A1AD00E7C866 /* Frameworks */,
				0B1998082678A1AD00E7C866 /* Resources */,
			);
			buildRules = (
			);
			dependencies = (
				0B19980C2678A1AD00E7C866 /* PBXTargetDependency */,
			);
			name = MarvelCharsUITests;
			productName = MarvelCharsUITests;
			productReference = 0B19980A2678A1AD00E7C866 /* MarvelCharsUITests.xctest */;
			productType = "com.apple.product-type.bundle.ui-testing";
		};
/* End PBXNativeTarget section */

/* Begin PBXProject section */
		0B1997E12678A1A900E7C866 /* Project object */ = {
			isa = PBXProject;
			attributes = {
				LastSwiftUpdateCheck = 1240;
				LastUpgradeCheck = 1240;
				TargetAttributes = {
					0B1997E82678A1A900E7C866 = {
						CreatedOnToolsVersion = 12.4;
					};
					0B1997FE2678A1AD00E7C866 = {
						CreatedOnToolsVersion = 12.4;
						TestTargetID = 0B1997E82678A1A900E7C866;
					};
					0B1998092678A1AD00E7C866 = {
						CreatedOnToolsVersion = 12.4;
						TestTargetID = 0B1997E82678A1A900E7C866;
					};
				};
			};
			buildConfigurationList = 0B1997E42678A1A900E7C866 /* Build configuration list for PBXProject "MarvelChars" */;
			compatibilityVersion = "Xcode 9.3";
			developmentRegion = en;
			hasScannedForEncodings = 0;
			knownRegions = (
				en,
				Base,
			);
			mainGroup = 0B1997E02678A1A900E7C866;
			productRefGroup = 0B1997EA2678A1A900E7C866 /* Products */;
			projectDirPath = "";
			projectRoot = "";
			targets = (
				0B1997E82678A1A900E7C866 /* MarvelChars */,
				0B1997FE2678A1AD00E7C866 /* MarvelCharsTests */,
				0B1998092678A1AD00E7C866 /* MarvelCharsUITests */,
			);
		};
/* End PBXProject section */

/* Begin PBXResourcesBuildPhase section */
		0B1997E72678A1A900E7C866 /* Resources */ = {
			isa = PBXResourcesBuildPhase;
			buildActionMask = 2147483647;
			files = (
				0B1997F92678A1AC00E7C866 /* LaunchScreen.storyboard in Resources */,
				0B1999A9267902E900E7C866 /* Localizable.strings in Resources */,
				0BD2E5B0267961BA0059C465 /* Loki.json in Resources */,
				0B1997F62678A1AC00E7C866 /* Assets.xcassets in Resources */,
				0B1997F42678A1A900E7C866 /* Main.storyboard in Resources */,
				0BD2E5AC267961BA0059C465 /* GamoraSearch.json in Resources */,
				0BD2E5A8267961BA0059C465 /* 1010763.json in Resources */,
				0B34B790267BB56500519219 /* Config_DEV.plist in Resources */,
				0BD2E5B4267961BA0059C465 /* Spiderman.json in Resources */,
				0B34B7BC267BBCA200519219 /* Config_UITEST.plist in Resources */,
				0B34B7B2267BBB2800519219 /* Config_PROD.plist in Resources */,
			);
			runOnlyForDeploymentPostprocessing = 0;
		};
		0B1997FD2678A1AD00E7C866 /* Resources */ = {
			isa = PBXResourcesBuildPhase;
			buildActionMask = 2147483647;
			files = (
				0BD2E5B2267961BA0059C465 /* Loki.json in Resources */,
				0BD2E5AA267961BA0059C465 /* 1010763.json in Resources */,
				0BD2E5AE267961BA0059C465 /* GamoraSearch.json in Resources */,
				0BD2E5B6267961BA0059C465 /* Spiderman.json in Resources */,
				0BD2E55A267951220059C465 /* Assets.xcassets in Resources */,
			);
			runOnlyForDeploymentPostprocessing = 0;
		};
		0B1998082678A1AD00E7C866 /* Resources */ = {
			isa = PBXResourcesBuildPhase;
			buildActionMask = 2147483647;
			files = (
				0BD2E5B3267961BA0059C465 /* Loki.json in Resources */,
				0BD2E5AB267961BA0059C465 /* 1010763.json in Resources */,
				0BD2E5AF267961BA0059C465 /* GamoraSearch.json in Resources */,
				0BD2E5B7267961BA0059C465 /* Spiderman.json in Resources */,
				0BD2E563267951220059C465 /* Assets.xcassets in Resources */,
			);
			runOnlyForDeploymentPostprocessing = 0;
		};
/* End PBXResourcesBuildPhase section */

/* Begin PBXShellScriptBuildPhase section */
		0BD2E59126795A610059C465 /* ShellScript */ = {
			isa = PBXShellScriptBuildPhase;
			buildActionMask = 2147483647;
			files = (
			);
			inputFileListPaths = (
			);
			inputPaths = (
			);
			outputFileListPaths = (
			);
			outputPaths = (
			);
			runOnlyForDeploymentPostprocessing = 0;
			shellPath = /bin/sh;
			shellScript = "if which swiftlint >/dev/null; then\n  swiftlint\nelse\n  echo \"warning: SwiftLint not installed, download from https://github.com/realm/SwiftLint\"\nfi\n";
		};
/* End PBXShellScriptBuildPhase section */

/* Begin PBXSourcesBuildPhase section */
		0B1997E52678A1A900E7C866 /* Sources */ = {
			isa = PBXSourcesBuildPhase;
			buildActionMask = 2147483647;
			files = (
				0B1998F32678B33400E7C866 /* Url.swift in Sources */,
				0B1998E72678B33400E7C866 /* Thumbnail.swift in Sources */,
				0B1998B72678B2DC00E7C866 /* CharDetailPresenter.swift in Sources */,
				0B1998732678B16800E7C866 /* Extensions.swift in Sources */,
				0B1998F12678B33400E7C866 /* SeriesItem.swift in Sources */,
				0B1998EB2678B33400E7C866 /* Series.swift in Sources */,
				0B1998C62678B2E700E7C866 /* CharListRouter.swift in Sources */,
				0B1998ED2678B33400E7C866 /* Comics.swift in Sources */,
				0B1999B026790B8C00E7C866 /* ImageService.swift in Sources */,
				0B1998C42678B2E700E7C866 /* CharListConfigurator.swift in Sources */,
				0B1998F52678B33400E7C866 /* Stories.swift in Sources */,
				0B1998F92678B33400E7C866 /* ComicItem.swift in Sources */,
				0B1999822678D35900E7C866 /* CharactersService.swift in Sources */,
				0B1998F72678B33400E7C866 /* EventsItem.swift in Sources */,
				0B1998CA2678B2E700E7C866 /* CharListPresenter.swift in Sources */,
				0B1998452678AA3D00E7C866 /* ApiManager.swift in Sources */,
				0B1998AF2678B2DC00E7C866 /* CharDetailInteractor.swift in Sources */,
				0B1998C22678B2E700E7C866 /* CharListInteractor.swift in Sources */,
				0B1998E92678B33400E7C866 /* Character.swift in Sources */,
				0B1998B52678B2DC00E7C866 /* CharDetailViewController.swift in Sources */,
				0B1998B12678B2DC00E7C866 /* CharDetailConfigurator.swift in Sources */,
				0B1998C82678B2E700E7C866 /* CharListViewController.swift in Sources */,
				0B1997ED2678A1A900E7C866 /* AppDelegate.swift in Sources */,
				0B1998B32678B2DC00E7C866 /* CharDetailRouter.swift in Sources */,
				0B1998512678AAAA00E7C866 /* MarvelConstants.swift in Sources */,
				0B19999D2679028200E7C866 /* Texts.swift in Sources */,
				0B1998EF2678B33400E7C866 /* Events.swift in Sources */,
				0B1998FB2678B33400E7C866 /* StoriesItem.swift in Sources */,
				0B1997EF2678A1A900E7C866 /* SceneDelegate.swift in Sources */,
				0B1998A42678B29F00E7C866 /* Utils.swift in Sources */,
			);
			runOnlyForDeploymentPostprocessing = 0;
		};
		0B1997FB2678A1AD00E7C866 /* Sources */ = {
			isa = PBXSourcesBuildPhase;
			buildActionMask = 2147483647;
			files = (
				0B34B74F267B71E600519219 /* Utils.swift in Sources */,
				0BD2E5E6267962AB0059C465 /* CharListInteractorTests.swift in Sources */,
				0BAE9F902679F74300416EDF /* CharDetailViewControllerTests.swift in Sources */,
				0BD2E5E5267962AB0059C465 /* CharListPresenterTests.swift in Sources */,
				0BD2E5D02679624F0059C465 /* UtilsTests.swift in Sources */,
			);
			runOnlyForDeploymentPostprocessing = 0;
		};
		0B1998062678A1AD00E7C866 /* Sources */ = {
			isa = PBXSourcesBuildPhase;
			buildActionMask = 2147483647;
			files = (
				0B19980F2678A1AD00E7C866 /* MarvelCharsUITests.swift in Sources */,
			);
			runOnlyForDeploymentPostprocessing = 0;
		};
/* End PBXSourcesBuildPhase section */

/* Begin PBXTargetDependency section */
		0B1998012678A1AD00E7C866 /* PBXTargetDependency */ = {
			isa = PBXTargetDependency;
			target = 0B1997E82678A1A900E7C866 /* MarvelChars */;
			targetProxy = 0B1998002678A1AD00E7C866 /* PBXContainerItemProxy */;
		};
		0B19980C2678A1AD00E7C866 /* PBXTargetDependency */ = {
			isa = PBXTargetDependency;
			target = 0B1997E82678A1A900E7C866 /* MarvelChars */;
			targetProxy = 0B19980B2678A1AD00E7C866 /* PBXContainerItemProxy */;
		};
/* End PBXTargetDependency section */

/* Begin PBXVariantGroup section */
		0B1997F22678A1A900E7C866 /* Main.storyboard */ = {
			isa = PBXVariantGroup;
			children = (
				0B1997F32678A1A900E7C866 /* Base */,
			);
			name = Main.storyboard;
			sourceTree = "<group>";
		};
		0B1997F72678A1AC00E7C866 /* LaunchScreen.storyboard */ = {
			isa = PBXVariantGroup;
			children = (
				0B1997F82678A1AC00E7C866 /* Base */,
			);
			name = LaunchScreen.storyboard;
			sourceTree = "<group>";
		};
/* End PBXVariantGroup section */

/* Begin XCBuildConfiguration section */
		0B1998112678A1AD00E7C866 /* Debug */ = {
			isa = XCBuildConfiguration;
			buildSettings = {
				ALWAYS_SEARCH_USER_PATHS = NO;
				CLANG_ANALYZER_NONNULL = YES;
				CLANG_ANALYZER_NUMBER_OBJECT_CONVERSION = YES_AGGRESSIVE;
				CLANG_CXX_LANGUAGE_STANDARD = "gnu++14";
				CLANG_CXX_LIBRARY = "libc++";
				CLANG_ENABLE_MODULES = YES;
				CLANG_ENABLE_OBJC_ARC = YES;
				CLANG_ENABLE_OBJC_WEAK = YES;
				CLANG_WARN_BLOCK_CAPTURE_AUTORELEASING = YES;
				CLANG_WARN_BOOL_CONVERSION = YES;
				CLANG_WARN_COMMA = YES;
				CLANG_WARN_CONSTANT_CONVERSION = YES;
				CLANG_WARN_DEPRECATED_OBJC_IMPLEMENTATIONS = YES;
				CLANG_WARN_DIRECT_OBJC_ISA_USAGE = YES_ERROR;
				CLANG_WARN_DOCUMENTATION_COMMENTS = YES;
				CLANG_WARN_EMPTY_BODY = YES;
				CLANG_WARN_ENUM_CONVERSION = YES;
				CLANG_WARN_INFINITE_RECURSION = YES;
				CLANG_WARN_INT_CONVERSION = YES;
				CLANG_WARN_NON_LITERAL_NULL_CONVERSION = YES;
				CLANG_WARN_OBJC_IMPLICIT_RETAIN_SELF = YES;
				CLANG_WARN_OBJC_LITERAL_CONVERSION = YES;
				CLANG_WARN_OBJC_ROOT_CLASS = YES_ERROR;
				CLANG_WARN_QUOTED_INCLUDE_IN_FRAMEWORK_HEADER = YES;
				CLANG_WARN_RANGE_LOOP_ANALYSIS = YES;
				CLANG_WARN_STRICT_PROTOTYPES = YES;
				CLANG_WARN_SUSPICIOUS_MOVE = YES;
				CLANG_WARN_UNGUARDED_AVAILABILITY = YES_AGGRESSIVE;
				CLANG_WARN_UNREACHABLE_CODE = YES;
				CLANG_WARN__DUPLICATE_METHOD_MATCH = YES;
				COPY_PHASE_STRIP = NO;
				DEBUG_INFORMATION_FORMAT = dwarf;
				ENABLE_STRICT_OBJC_MSGSEND = YES;
				ENABLE_TESTABILITY = YES;
				GCC_C_LANGUAGE_STANDARD = gnu11;
				GCC_DYNAMIC_NO_PIC = NO;
				GCC_NO_COMMON_BLOCKS = YES;
				GCC_OPTIMIZATION_LEVEL = 0;
				GCC_PREPROCESSOR_DEFINITIONS = (
					"DEBUG=1",
					"$(inherited)",
				);
				GCC_WARN_64_TO_32_BIT_CONVERSION = YES;
				GCC_WARN_ABOUT_RETURN_TYPE = YES_ERROR;
				GCC_WARN_UNDECLARED_SELECTOR = YES;
				GCC_WARN_UNINITIALIZED_AUTOS = YES_AGGRESSIVE;
				GCC_WARN_UNUSED_FUNCTION = YES;
				GCC_WARN_UNUSED_VARIABLE = YES;
				IPHONEOS_DEPLOYMENT_TARGET = 14.4;
				MTL_ENABLE_DEBUG_INFO = INCLUDE_SOURCE;
				MTL_FAST_MATH = YES;
				ONLY_ACTIVE_ARCH = YES;
				SDKROOT = iphoneos;
				SWIFT_ACTIVE_COMPILATION_CONDITIONS = DEBUG;
				SWIFT_OPTIMIZATION_LEVEL = "-Onone";
			};
			name = Debug;
		};
		0B1998122678A1AD00E7C866 /* Release */ = {
			isa = XCBuildConfiguration;
			buildSettings = {
				ALWAYS_SEARCH_USER_PATHS = NO;
				CLANG_ANALYZER_NONNULL = YES;
				CLANG_ANALYZER_NUMBER_OBJECT_CONVERSION = YES_AGGRESSIVE;
				CLANG_CXX_LANGUAGE_STANDARD = "gnu++14";
				CLANG_CXX_LIBRARY = "libc++";
				CLANG_ENABLE_MODULES = YES;
				CLANG_ENABLE_OBJC_ARC = YES;
				CLANG_ENABLE_OBJC_WEAK = YES;
				CLANG_WARN_BLOCK_CAPTURE_AUTORELEASING = YES;
				CLANG_WARN_BOOL_CONVERSION = YES;
				CLANG_WARN_COMMA = YES;
				CLANG_WARN_CONSTANT_CONVERSION = YES;
				CLANG_WARN_DEPRECATED_OBJC_IMPLEMENTATIONS = YES;
				CLANG_WARN_DIRECT_OBJC_ISA_USAGE = YES_ERROR;
				CLANG_WARN_DOCUMENTATION_COMMENTS = YES;
				CLANG_WARN_EMPTY_BODY = YES;
				CLANG_WARN_ENUM_CONVERSION = YES;
				CLANG_WARN_INFINITE_RECURSION = YES;
				CLANG_WARN_INT_CONVERSION = YES;
				CLANG_WARN_NON_LITERAL_NULL_CONVERSION = YES;
				CLANG_WARN_OBJC_IMPLICIT_RETAIN_SELF = YES;
				CLANG_WARN_OBJC_LITERAL_CONVERSION = YES;
				CLANG_WARN_OBJC_ROOT_CLASS = YES_ERROR;
				CLANG_WARN_QUOTED_INCLUDE_IN_FRAMEWORK_HEADER = YES;
				CLANG_WARN_RANGE_LOOP_ANALYSIS = YES;
				CLANG_WARN_STRICT_PROTOTYPES = YES;
				CLANG_WARN_SUSPICIOUS_MOVE = YES;
				CLANG_WARN_UNGUARDED_AVAILABILITY = YES_AGGRESSIVE;
				CLANG_WARN_UNREACHABLE_CODE = YES;
				CLANG_WARN__DUPLICATE_METHOD_MATCH = YES;
				COPY_PHASE_STRIP = NO;
				DEBUG_INFORMATION_FORMAT = "dwarf-with-dsym";
				ENABLE_NS_ASSERTIONS = NO;
				ENABLE_STRICT_OBJC_MSGSEND = YES;
				GCC_C_LANGUAGE_STANDARD = gnu11;
				GCC_NO_COMMON_BLOCKS = YES;
				GCC_WARN_64_TO_32_BIT_CONVERSION = YES;
				GCC_WARN_ABOUT_RETURN_TYPE = YES_ERROR;
				GCC_WARN_UNDECLARED_SELECTOR = YES;
				GCC_WARN_UNINITIALIZED_AUTOS = YES_AGGRESSIVE;
				GCC_WARN_UNUSED_FUNCTION = YES;
				GCC_WARN_UNUSED_VARIABLE = YES;
				IPHONEOS_DEPLOYMENT_TARGET = 14.4;
				MTL_ENABLE_DEBUG_INFO = NO;
				MTL_FAST_MATH = YES;
				SDKROOT = iphoneos;
				SWIFT_COMPILATION_MODE = wholemodule;
				SWIFT_OPTIMIZATION_LEVEL = "-O";
				VALIDATE_PRODUCT = YES;
			};
			name = Release;
		};
		0B1998142678A1AD00E7C866 /* Debug */ = {
			isa = XCBuildConfiguration;
			buildSettings = {
				ASSETCATALOG_COMPILER_APPICON_NAME = AppIcon;
				ASSETCATALOG_COMPILER_GLOBAL_ACCENT_COLOR_NAME = AccentColor;
				CODE_SIGN_STYLE = Automatic;
				INFOPLIST_FILE = Info.plist;
				KEnv_MARVEL_API_URL = Config_DEV;
				LD_RUNPATH_SEARCH_PATHS = (
					"$(inherited)",
					"@executable_path/Frameworks",
				);
				OTHER_SWIFT_FLAGS = "-DDEV";
				PRODUCT_BUNDLE_IDENTIFIER = com.angelboullon.MarvelChars.MarvelChars;
				PRODUCT_NAME = "$(TARGET_NAME)";
				SWIFT_VERSION = 5.0;
				TARGETED_DEVICE_FAMILY = "1,2";
			};
			name = Debug;
		};
		0B1998152678A1AD00E7C866 /* Release */ = {
			isa = XCBuildConfiguration;
			buildSettings = {
				ASSETCATALOG_COMPILER_APPICON_NAME = AppIcon;
				ASSETCATALOG_COMPILER_GLOBAL_ACCENT_COLOR_NAME = AccentColor;
				CODE_SIGN_STYLE = Automatic;
				INFOPLIST_FILE = Info.plist;
				KEnv_MARVEL_API_URL = Config_PROD;
				LD_RUNPATH_SEARCH_PATHS = (
					"$(inherited)",
					"@executable_path/Frameworks",
				);
				OTHER_SWIFT_FLAGS = "-DDEV";
				PRODUCT_BUNDLE_IDENTIFIER = com.angelboullon.MarvelChars.MarvelChars;
				PRODUCT_NAME = "$(TARGET_NAME)";
				SWIFT_VERSION = 5.0;
				TARGETED_DEVICE_FAMILY = "1,2";
			};
			name = Release;
		};
		0B1998172678A1AD00E7C866 /* Debug */ = {
			isa = XCBuildConfiguration;
			buildSettings = {
				ALWAYS_EMBED_SWIFT_STANDARD_LIBRARIES = YES;
				BUNDLE_LOADER = "$(TEST_HOST)";
				CODE_SIGN_STYLE = Automatic;
				INFOPLIST_FILE = MarvelCharsTests/Info.plist;
				IPHONEOS_DEPLOYMENT_TARGET = 14.4;
				LD_RUNPATH_SEARCH_PATHS = (
					"$(inherited)",
					"@executable_path/Frameworks",
					"@loader_path/Frameworks",
				);
				OTHER_SWIFT_FLAGS = "-DDEV";
				PRODUCT_BUNDLE_IDENTIFIER = com.angelboullon.MarvelChars.MarvelCharsTests;
				PRODUCT_NAME = "$(TARGET_NAME)";
				SWIFT_VERSION = 5.0;
				TARGETED_DEVICE_FAMILY = "1,2";
				TEST_HOST = "$(BUILT_PRODUCTS_DIR)/MarvelChars.app/MarvelChars";
			};
			name = Debug;
		};
		0B1998182678A1AD00E7C866 /* Release */ = {
			isa = XCBuildConfiguration;
			buildSettings = {
				ALWAYS_EMBED_SWIFT_STANDARD_LIBRARIES = YES;
				BUNDLE_LOADER = "$(TEST_HOST)";
				CODE_SIGN_STYLE = Automatic;
				INFOPLIST_FILE = MarvelCharsTests/Info.plist;
				IPHONEOS_DEPLOYMENT_TARGET = 14.4;
				LD_RUNPATH_SEARCH_PATHS = (
					"$(inherited)",
					"@executable_path/Frameworks",
					"@loader_path/Frameworks",
				);
				OTHER_SWIFT_FLAGS = "-DDEV";
				PRODUCT_BUNDLE_IDENTIFIER = com.angelboullon.MarvelChars.MarvelCharsTests;
				PRODUCT_NAME = "$(TARGET_NAME)";
				SWIFT_VERSION = 5.0;
				TARGETED_DEVICE_FAMILY = "1,2";
				TEST_HOST = "$(BUILT_PRODUCTS_DIR)/MarvelChars.app/MarvelChars";
			};
			name = Release;
		};
		0B19981A2678A1AD00E7C866 /* Debug */ = {
			isa = XCBuildConfiguration;
			buildSettings = {
				ALWAYS_EMBED_SWIFT_STANDARD_LIBRARIES = YES;
				CODE_SIGN_STYLE = Automatic;
				INFOPLIST_FILE = MarvelCharsUITests/Info.plist;
				LD_RUNPATH_SEARCH_PATHS = (
					"$(inherited)",
					"@executable_path/Frameworks",
					"@loader_path/Frameworks",
				);
				OTHER_SWIFT_FLAGS = "-DTESTING";
				PRODUCT_BUNDLE_IDENTIFIER = com.angelboullon.MarvelChars.MarvelCharsUITests;
				PRODUCT_NAME = "$(TARGET_NAME)";
				SWIFT_VERSION = 5.0;
				TARGETED_DEVICE_FAMILY = "1,2";
				TEST_TARGET_NAME = MarvelChars;
			};
			name = Debug;
		};
		0B19981B2678A1AD00E7C866 /* Release */ = {
			isa = XCBuildConfiguration;
			buildSettings = {
				ALWAYS_EMBED_SWIFT_STANDARD_LIBRARIES = YES;
				CODE_SIGN_STYLE = Automatic;
				INFOPLIST_FILE = MarvelCharsUITests/Info.plist;
				LD_RUNPATH_SEARCH_PATHS = (
					"$(inherited)",
					"@executable_path/Frameworks",
					"@loader_path/Frameworks",
				);
				OTHER_SWIFT_FLAGS = "-DTESTING";
				PRODUCT_BUNDLE_IDENTIFIER = com.angelboullon.MarvelChars.MarvelCharsUITests;
				PRODUCT_NAME = "$(TARGET_NAME)";
				SWIFT_VERSION = 5.0;
				TARGETED_DEVICE_FAMILY = "1,2";
				TEST_TARGET_NAME = MarvelChars;
			};
			name = Release;
		};
		0B34B779267BA88A00519219 /* UITesting */ = {
			isa = XCBuildConfiguration;
			buildSettings = {
				ALWAYS_SEARCH_USER_PATHS = NO;
				CLANG_ANALYZER_NONNULL = YES;
				CLANG_ANALYZER_NUMBER_OBJECT_CONVERSION = YES_AGGRESSIVE;
				CLANG_CXX_LANGUAGE_STANDARD = "gnu++14";
				CLANG_CXX_LIBRARY = "libc++";
				CLANG_ENABLE_MODULES = YES;
				CLANG_ENABLE_OBJC_ARC = YES;
				CLANG_ENABLE_OBJC_WEAK = YES;
				CLANG_WARN_BLOCK_CAPTURE_AUTORELEASING = YES;
				CLANG_WARN_BOOL_CONVERSION = YES;
				CLANG_WARN_COMMA = YES;
				CLANG_WARN_CONSTANT_CONVERSION = YES;
				CLANG_WARN_DEPRECATED_OBJC_IMPLEMENTATIONS = YES;
				CLANG_WARN_DIRECT_OBJC_ISA_USAGE = YES_ERROR;
				CLANG_WARN_DOCUMENTATION_COMMENTS = YES;
				CLANG_WARN_EMPTY_BODY = YES;
				CLANG_WARN_ENUM_CONVERSION = YES;
				CLANG_WARN_INFINITE_RECURSION = YES;
				CLANG_WARN_INT_CONVERSION = YES;
				CLANG_WARN_NON_LITERAL_NULL_CONVERSION = YES;
				CLANG_WARN_OBJC_IMPLICIT_RETAIN_SELF = YES;
				CLANG_WARN_OBJC_LITERAL_CONVERSION = YES;
				CLANG_WARN_OBJC_ROOT_CLASS = YES_ERROR;
				CLANG_WARN_QUOTED_INCLUDE_IN_FRAMEWORK_HEADER = YES;
				CLANG_WARN_RANGE_LOOP_ANALYSIS = YES;
				CLANG_WARN_STRICT_PROTOTYPES = YES;
				CLANG_WARN_SUSPICIOUS_MOVE = YES;
				CLANG_WARN_UNGUARDED_AVAILABILITY = YES_AGGRESSIVE;
				CLANG_WARN_UNREACHABLE_CODE = YES;
				CLANG_WARN__DUPLICATE_METHOD_MATCH = YES;
				COPY_PHASE_STRIP = NO;
				DEBUG_INFORMATION_FORMAT = dwarf;
				ENABLE_STRICT_OBJC_MSGSEND = YES;
				ENABLE_TESTABILITY = YES;
				GCC_C_LANGUAGE_STANDARD = gnu11;
				GCC_DYNAMIC_NO_PIC = NO;
				GCC_NO_COMMON_BLOCKS = YES;
				GCC_OPTIMIZATION_LEVEL = 0;
				GCC_PREPROCESSOR_DEFINITIONS = (
					"DEBUG=1",
					"$(inherited)",
				);
				GCC_WARN_64_TO_32_BIT_CONVERSION = YES;
				GCC_WARN_ABOUT_RETURN_TYPE = YES_ERROR;
				GCC_WARN_UNDECLARED_SELECTOR = YES;
				GCC_WARN_UNINITIALIZED_AUTOS = YES_AGGRESSIVE;
				GCC_WARN_UNUSED_FUNCTION = YES;
				GCC_WARN_UNUSED_VARIABLE = YES;
				IPHONEOS_DEPLOYMENT_TARGET = 14.4;
				MTL_ENABLE_DEBUG_INFO = INCLUDE_SOURCE;
				MTL_FAST_MATH = YES;
				ONLY_ACTIVE_ARCH = YES;
				SDKROOT = iphoneos;
				SWIFT_ACTIVE_COMPILATION_CONDITIONS = DEBUG;
				SWIFT_OPTIMIZATION_LEVEL = "-Onone";
			};
			name = UITesting;
		};
		0B34B77A267BA88A00519219 /* UITesting */ = {
			isa = XCBuildConfiguration;
			buildSettings = {
				ASSETCATALOG_COMPILER_APPICON_NAME = AppIcon;
				ASSETCATALOG_COMPILER_GLOBAL_ACCENT_COLOR_NAME = AccentColor;
				CODE_SIGN_STYLE = Automatic;
				INFOPLIST_FILE = Info.plist;
				KEnv_MARVEL_API_URL = Config_UITEST;
				LD_RUNPATH_SEARCH_PATHS = (
					"$(inherited)",
					"@executable_path/Frameworks",
				);
				OTHER_SWIFT_FLAGS = "-DDEV";
				PRODUCT_BUNDLE_IDENTIFIER = com.angelboullon.MarvelChars.MarvelChars;
				PRODUCT_NAME = "$(TARGET_NAME)";
				SWIFT_VERSION = 5.0;
				TARGETED_DEVICE_FAMILY = "1,2";
			};
			name = UITesting;
		};
		0B34B77B267BA88A00519219 /* UITesting */ = {
			isa = XCBuildConfiguration;
			buildSettings = {
				ALWAYS_EMBED_SWIFT_STANDARD_LIBRARIES = YES;
				BUNDLE_LOADER = "$(TEST_HOST)";
				CODE_SIGN_STYLE = Automatic;
				INFOPLIST_FILE = MarvelCharsTests/Info.plist;
				IPHONEOS_DEPLOYMENT_TARGET = 14.4;
				LD_RUNPATH_SEARCH_PATHS = (
					"$(inherited)",
					"@executable_path/Frameworks",
					"@loader_path/Frameworks",
				);
				OTHER_SWIFT_FLAGS = "-DDEV";
				PRODUCT_BUNDLE_IDENTIFIER = com.angelboullon.MarvelChars.MarvelCharsTests;
				PRODUCT_NAME = "$(TARGET_NAME)";
				SWIFT_VERSION = 5.0;
				TARGETED_DEVICE_FAMILY = "1,2";
				TEST_HOST = "$(BUILT_PRODUCTS_DIR)/MarvelChars.app/MarvelChars";
			};
			name = UITesting;
		};
		0B34B77C267BA88A00519219 /* UITesting */ = {
			isa = XCBuildConfiguration;
			buildSettings = {
				ALWAYS_EMBED_SWIFT_STANDARD_LIBRARIES = YES;
				CODE_SIGN_STYLE = Automatic;
				INFOPLIST_FILE = MarvelCharsUITests/Info.plist;
				LD_RUNPATH_SEARCH_PATHS = (
					"$(inherited)",
					"@executable_path/Frameworks",
					"@loader_path/Frameworks",
				);
				OTHER_SWIFT_FLAGS = "-DTESTING";
				PRODUCT_BUNDLE_IDENTIFIER = com.angelboullon.MarvelChars.MarvelCharsUITests;
				PRODUCT_NAME = "$(TARGET_NAME)";
				SWIFT_VERSION = 5.0;
				TARGETED_DEVICE_FAMILY = "1,2";
				TEST_TARGET_NAME = MarvelChars;
			};
			name = UITesting;
		};
/* End XCBuildConfiguration section */

/* Begin XCConfigurationList section */
		0B1997E42678A1A900E7C866 /* Build configuration list for PBXProject "MarvelChars" */ = {
			isa = XCConfigurationList;
			buildConfigurations = (
				0B1998112678A1AD00E7C866 /* Debug */,
				0B34B779267BA88A00519219 /* UITesting */,
				0B1998122678A1AD00E7C866 /* Release */,
			);
			defaultConfigurationIsVisible = 0;
			defaultConfigurationName = Release;
		};
		0B1998132678A1AD00E7C866 /* Build configuration list for PBXNativeTarget "MarvelChars" */ = {
			isa = XCConfigurationList;
			buildConfigurations = (
				0B1998142678A1AD00E7C866 /* Debug */,
				0B34B77A267BA88A00519219 /* UITesting */,
				0B1998152678A1AD00E7C866 /* Release */,
			);
			defaultConfigurationIsVisible = 0;
			defaultConfigurationName = Release;
		};
		0B1998162678A1AD00E7C866 /* Build configuration list for PBXNativeTarget "MarvelCharsTests" */ = {
			isa = XCConfigurationList;
			buildConfigurations = (
				0B1998172678A1AD00E7C866 /* Debug */,
				0B34B77B267BA88A00519219 /* UITesting */,
				0B1998182678A1AD00E7C866 /* Release */,
			);
			defaultConfigurationIsVisible = 0;
			defaultConfigurationName = Release;
		};
		0B1998192678A1AD00E7C866 /* Build configuration list for PBXNativeTarget "MarvelCharsUITests" */ = {
			isa = XCConfigurationList;
			buildConfigurations = (
				0B19981A2678A1AD00E7C866 /* Debug */,
				0B34B77C267BA88A00519219 /* UITesting */,
				0B19981B2678A1AD00E7C866 /* Release */,
			);
			defaultConfigurationIsVisible = 0;
			defaultConfigurationName = Release;
		};
/* End XCConfigurationList section */
	};
	rootObject = 0B1997E12678A1A900E7C866 /* Project object */;
}
